
Microsoft Visual Studio Solution File, Format Version 12.00
# Visual Studio 2013
VisualStudioVersion = 12.0.30723.0
MinimumVisualStudioVersion = 10.0.40219.1
Project("{FAE04EC0-301F-11D3-BF4B-00C04F79EFBC}") = "Kerberos.Service", "Kerberos.Service\Kerberos.Service.csproj", "{B182BBC5-506E-4A9F-B0C1-14AD1B46AC1F}"
EndProject
Project("{FAE04EC0-301F-11D3-BF4B-00C04F79EFBC}") = "Kerberos.Models", "Kerberos.Models\Kerberos.Models.csproj", "{A33D037F-E0DC-4EDB-9484-0F679407D493}"
EndProject
Project("{FAE04EC0-301F-11D3-BF4B-00C04F79EFBC}") = "Kerberos.Data.Contracts", "Kerberos.Data.Contracts\Kerberos.Data.Contracts.csproj", "{9BA60E53-D0A3-4549-AAAF-BEE355932C38}"
EndProject
Project("{FAE04EC0-301F-11D3-BF4B-00C04F79EFBC}") = "Kerberos.Data", "Kerberos.Data\Kerberos.Data.csproj", "{A09F2C47-F0BA-40C4-BE63-47538879E11F}"
EndProject
Project("{FAE04EC0-301F-11D3-BF4B-00C04F79EFBC}") = "Kerberos.Console", "Kerberos.Console\Kerberos.Console.csproj", "{FE188E2D-3258-4D09-B217-88499AAD586F}"
EndProject
Project("{2150E333-8FDC-42A3-9474-1A3956D46DE8}") = "Data", "Data", "{51C1C46C-97B0-422F-9839-2364A00CE30D}"
EndProject
Project("{2150E333-8FDC-42A3-9474-1A3956D46DE8}") = "UI", "UI", "{F7BEDBE7-D221-40AE-B9CE-49636DA2DD38}"
EndProject
Project("{2150E333-8FDC-42A3-9474-1A3956D46DE8}") = "Domain", "Domain", "{A67DD9FE-943C-4D25-9460-EE8B84517D73}"
EndProject
Project("{2150E333-8FDC-42A3-9474-1A3956D46DE8}") = "Service", "Service", "{CF4F1A85-2826-4775-9CBB-A5B31E1E0CD4}"
EndProject
Project("{2150E333-8FDC-42A3-9474-1A3956D46DE8}") = "Api", "Api", "{8495F379-9BDC-4AFB-B922-55A125B95505}"
EndProject
Project("{FAE04EC0-301F-11D3-BF4B-00C04F79EFBC}") = "Kerberos.Services.Api", "Kerberos.Services.Api\Kerberos.Services.Api.csproj", "{D3DE54D8-F85B-4BD5-AF17-E304918944CC}"
EndProject
Project("{FAE04EC0-301F-11D3-BF4B-00C04F79EFBC}") = "Kerberos.Services.Api.Contracts", "Kerberos.Services.Api.Contracts\Kerberos.Services.Api.Contracts.csproj", "{217D030B-817F-4581-A414-259051DF195B}"
EndProject
Project("{2150E333-8FDC-42A3-9474-1A3956D46DE8}") = "Crypto", "Crypto", "{BC05AFAF-E065-4BC3-BEA1-AA81857A890C}"
EndProject
Project("{FAE04EC0-301F-11D3-BF4B-00C04F79EFBC}") = "Kerberos.Crypto", "Kerberos.Crypto\Kerberos.Crypto.csproj", "{0EAA788D-AB35-4F9C-934C-E7CF5BDDC949}"
EndProject
Project("{FAE04EC0-301F-11D3-BF4B-00C04F79EFBC}") = "Kerberos.Crypto.Contracts", "Kerberos.Crypto.Contracts\Kerberos.Crypto.Contracts.csproj", "{A83785E7-021A-4610-AF5B-B94D065A143E}"
EndProject
Global
	GlobalSection(SolutionConfigurationPlatforms) = preSolution
		Debug|Any CPU = Debug|Any CPU
		Release|Any CPU = Release|Any CPU
	EndGlobalSection
	GlobalSection(ProjectConfigurationPlatforms) = postSolution
		{B182BBC5-506E-4A9F-B0C1-14AD1B46AC1F}.Debug|Any CPU.ActiveCfg = Debug|Any CPU
		{B182BBC5-506E-4A9F-B0C1-14AD1B46AC1F}.Debug|Any CPU.Build.0 = Debug|Any CPU
		{B182BBC5-506E-4A9F-B0C1-14AD1B46AC1F}.Release|Any CPU.ActiveCfg = Release|Any CPU
		{B182BBC5-506E-4A9F-B0C1-14AD1B46AC1F}.Release|Any CPU.Build.0 = Release|Any CPU
		{A33D037F-E0DC-4EDB-9484-0F679407D493}.Debug|Any CPU.ActiveCfg = Debug|Any CPU
		{A33D037F-E0DC-4EDB-9484-0F679407D493}.Debug|Any CPU.Build.0 = Debug|Any CPU
		{A33D037F-E0DC-4EDB-9484-0F679407D493}.Release|Any CPU.ActiveCfg = Release|Any CPU
		{A33D037F-E0DC-4EDB-9484-0F679407D493}.Release|Any CPU.Build.0 = Release|Any CPU
		{9BA60E53-D0A3-4549-AAAF-BEE355932C38}.Debug|Any CPU.ActiveCfg = Debug|Any CPU
		{9BA60E53-D0A3-4549-AAAF-BEE355932C38}.Debug|Any CPU.Build.0 = Debug|Any CPU
		{9BA60E53-D0A3-4549-AAAF-BEE355932C38}.Release|Any CPU.ActiveCfg = Release|Any CPU
		{9BA60E53-D0A3-4549-AAAF-BEE355932C38}.Release|Any CPU.Build.0 = Release|Any CPU
		{A09F2C47-F0BA-40C4-BE63-47538879E11F}.Debug|Any CPU.ActiveCfg = Debug|Any CPU
		{A09F2C47-F0BA-40C4-BE63-47538879E11F}.Debug|Any CPU.Build.0 = Debug|Any CPU
		{A09F2C47-F0BA-40C4-BE63-47538879E11F}.Release|Any CPU.ActiveCfg = Release|Any CPU
		{A09F2C47-F0BA-40C4-BE63-47538879E11F}.Release|Any CPU.Build.0 = Release|Any CPU
		{FE188E2D-3258-4D09-B217-88499AAD586F}.Debug|Any CPU.ActiveCfg = Debug|Any CPU
		{FE188E2D-3258-4D09-B217-88499AAD586F}.Debug|Any CPU.Build.0 = Debug|Any CPU
		{FE188E2D-3258-4D09-B217-88499AAD586F}.Release|Any CPU.ActiveCfg = Release|Any CPU
		{FE188E2D-3258-4D09-B217-88499AAD586F}.Release|Any CPU.Build.0 = Release|Any CPU
		{D3DE54D8-F85B-4BD5-AF17-E304918944CC}.Debug|Any CPU.ActiveCfg = Debug|Any CPU
		{D3DE54D8-F85B-4BD5-AF17-E304918944CC}.Debug|Any CPU.Build.0 = Debug|Any CPU
		{D3DE54D8-F85B-4BD5-AF17-E304918944CC}.Release|Any CPU.ActiveCfg = Release|Any CPU
		{D3DE54D8-F85B-4BD5-AF17-E304918944CC}.Release|Any CPU.Build.0 = Release|Any CPU
		{217D030B-817F-4581-A414-259051DF195B}.Debug|Any CPU.ActiveCfg = Debug|Any CPU
		{217D030B-817F-4581-A414-259051DF195B}.Debug|Any CPU.Build.0 = Debug|Any CPU
		{217D030B-817F-4581-A414-259051DF195B}.Release|Any CPU.ActiveCfg = Release|Any CPU
		{217D030B-817F-4581-A414-259051DF195B}.Release|Any CPU.Build.0 = Release|Any CPU
		{0EAA788D-AB35-4F9C-934C-E7CF5BDDC949}.Debug|Any CPU.ActiveCfg = Debug|Any CPU
		{0EAA788D-AB35-4F9C-934C-E7CF5BDDC949}.Debug|Any CPU.Build.0 = Debug|Any CPU
		{0EAA788D-AB35-4F9C-934C-E7CF5BDDC949}.Release|Any CPU.ActiveCfg = Release|Any CPU
		{0EAA788D-AB35-4F9C-934C-E7CF5BDDC949}.Release|Any CPU.Build.0 = Release|Any CPU
		{A83785E7-021A-4610-AF5B-B94D065A143E}.Debug|Any CPU.ActiveCfg = Debug|Any CPU
		{A83785E7-021A-4610-AF5B-B94D065A143E}.Debug|Any CPU.Build.0 = Debug|Any CPU
		{A83785E7-021A-4610-AF5B-B94D065A143E}.Release|Any CPU.ActiveCfg = Release|Any CPU
		{A83785E7-021A-4610-AF5B-B94D065A143E}.Release|Any CPU.Build.0 = Release|Any CPU
	EndGlobalSection
	GlobalSection(SolutionProperties) = preSolution
		HideSolutionNode = FALSE
	EndGlobalSection
	GlobalSection(NestedProjects) = preSolution
		{B182BBC5-506E-4A9F-B0C1-14AD1B46AC1F} = {CF4F1A85-2826-4775-9CBB-A5B31E1E0CD4}
		{A33D037F-E0DC-4EDB-9484-0F679407D493} = {A67DD9FE-943C-4D25-9460-EE8B84517D73}
		{9BA60E53-D0A3-4549-AAAF-BEE355932C38} = {51C1C46C-97B0-422F-9839-2364A00CE30D}
		{A09F2C47-F0BA-40C4-BE63-47538879E11F} = {51C1C46C-97B0-422F-9839-2364A00CE30D}
		{FE188E2D-3258-4D09-B217-88499AAD586F} = {F7BEDBE7-D221-40AE-B9CE-49636DA2DD38}
		{D3DE54D8-F85B-4BD5-AF17-E304918944CC} = {8495F379-9BDC-4AFB-B922-55A125B95505}
		{217D030B-817F-4581-A414-259051DF195B} = {8495F379-9BDC-4AFB-B922-55A125B95505}
		{0EAA788D-AB35-4F9C-934C-E7CF5BDDC949} = {BC05AFAF-E065-4BC3-BEA1-AA81857A890C}
		{A83785E7-021A-4610-AF5B-B94D065A143E} = {BC05AFAF-E065-4BC3-BEA1-AA81857A890C}
	EndGlobalSection
EndGlobal
